// !$*UTF8*$!
{
	archiveVersion = 1;
	classes = {
	};
	objectVersion = 56;
	objects = {

/* Begin PBXBuildFile section */
		712A838328DBB5E400BC601D /* Urunler.swift in Sources */ = {isa = PBXBuildFile; fileRef = 712A838228DBB5E400BC601D /* Urunler.swift */; };
		713F62B428DB904300F9D2D1 /* main.swift in Sources */ = {isa = PBXBuildFile; fileRef = 713F62B328DB904300F9D2D1 /* main.swift */; };
		713F62BF28DB984600F9D2D1 /* ProteinPowderModel.swift in Sources */ = {isa = PBXBuildFile; fileRef = 713F62BE28DB984600F9D2D1 /* ProteinPowderModel.swift */; };
		713F62C128DB9B7A00F9D2D1 /* Brands.swift in Sources */ = {isa = PBXBuildFile; fileRef = 713F62C028DB9B7A00F9D2D1 /* Brands.swift */; };
		713F62C328DBA8AE00F9D2D1 /* AminoAcidModel.swift in Sources */ = {isa = PBXBuildFile; fileRef = 713F62C228DBA8AE00F9D2D1 /* AminoAcidModel.swift */; };
		713F62C528DBACD600F9D2D1 /* VitaminsModel.swift in Sources */ = {isa = PBXBuildFile; fileRef = 713F62C428DBACD600F9D2D1 /* VitaminsModel.swift */; };
		71455D7028DD8F4000354935 /* UserModel.swift in Sources */ = {isa = PBXBuildFile; fileRef = 71455D6F28DD8F4000354935 /* UserModel.swift */; };
		719503B728DD891E0096CBC7 /* SupplementModel.swift in Sources */ = {isa = PBXBuildFile; fileRef = 719503B628DD891E0096CBC7 /* SupplementModel.swift */; };
		71C5E8E028DDBC7400DF8C27 /* SteroidsProtocol.swift in Sources */ = {isa = PBXBuildFile; fileRef = 71C5E8DF28DDBC7400DF8C27 /* SteroidsProtocol.swift */; };
		71D06B6028DC9FAB00270E59 /* Functions.swift in Sources */ = {isa = PBXBuildFile; fileRef = 71D06B5F28DC9FAB00270E59 /* Functions.swift */; };
/* End PBXBuildFile section */

/* Begin PBXCopyFilesBuildPhase section */
		713F62AE28DB904300F9D2D1 /* CopyFiles */ = {
			isa = PBXCopyFilesBuildPhase;
			buildActionMask = 2147483647;
			dstPath = /usr/share/man/man1/;
			dstSubfolderSpec = 0;
			files = (
			);
			runOnlyForDeploymentPostprocessing = 1;
		};
/* End PBXCopyFilesBuildPhase section */

/* Begin PBXFileReference section */
		712A838228DBB5E400BC601D /* Urunler.swift */ = {isa = PBXFileReference; lastKnownFileType = sourcecode.swift; path = Urunler.swift; sourceTree = "<group>"; };
		7133F66F28DBC4B3005160F5 /* README.md */ = {isa = PBXFileReference; lastKnownFileType = net.daringfireball.markdown; path = README.md; sourceTree = "<group>"; };
		713F62B028DB904300F9D2D1 /* Homework */ = {isa = PBXFileReference; explicitFileType = "compiled.mach-o.executable"; includeInIndex = 0; path = Homework; sourceTree = BUILT_PRODUCTS_DIR; };
		713F62B328DB904300F9D2D1 /* main.swift */ = {isa = PBXFileReference; lastKnownFileType = sourcecode.swift; path = main.swift; sourceTree = "<group>"; };
		713F62BE28DB984600F9D2D1 /* ProteinPowderModel.swift */ = {isa = PBXFileReference; lastKnownFileType = sourcecode.swift; path = ProteinPowderModel.swift; sourceTree = "<group>"; };
		713F62C028DB9B7A00F9D2D1 /* Brands.swift */ = {isa = PBXFileReference; lastKnownFileType = sourcecode.swift; path = Brands.swift; sourceTree = "<group>"; };
		713F62C228DBA8AE00F9D2D1 /* AminoAcidModel.swift */ = {isa = PBXFileReference; lastKnownFileType = sourcecode.swift; path = AminoAcidModel.swift; sourceTree = "<group>"; };
		713F62C428DBACD600F9D2D1 /* VitaminsModel.swift */ = {isa = PBXFileReference; lastKnownFileType = sourcecode.swift; path = VitaminsModel.swift; sourceTree = "<group>"; };
		71455D6F28DD8F4000354935 /* UserModel.swift */ = {isa = PBXFileReference; lastKnownFileType = sourcecode.swift; path = UserModel.swift; sourceTree = "<group>"; };
		719503B628DD891E0096CBC7 /* SupplementModel.swift */ = {isa = PBXFileReference; lastKnownFileType = sourcecode.swift; path = SupplementModel.swift; sourceTree = "<group>"; };
		71C5E8DF28DDBC7400DF8C27 /* SteroidsProtocol.swift */ = {isa = PBXFileReference; lastKnownFileType = sourcecode.swift; path = SteroidsProtocol.swift; sourceTree = "<group>"; };
		71D06B5F28DC9FAB00270E59 /* Functions.swift */ = {isa = PBXFileReference; lastKnownFileType = sourcecode.swift; path = Functions.swift; sourceTree = "<group>"; };
/* End PBXFileReference section */

/* Begin PBXFrameworksBuildPhase section */
		713F62AD28DB904300F9D2D1 /* Frameworks */ = {
			isa = PBXFrameworksBuildPhase;
			buildActionMask = 2147483647;
			files = (
			);
			runOnlyForDeploymentPostprocessing = 0;
		};
/* End PBXFrameworksBuildPhase section */

/* Begin PBXGroup section */
		713F62A728DB904300F9D2D1 = {
			isa = PBXGroup;
			children = (
				713F62B228DB904300F9D2D1 /* Homework */,
				713F62B128DB904300F9D2D1 /* Products */,
			);
			sourceTree = "<group>";
		};
		713F62B128DB904300F9D2D1 /* Products */ = {
			isa = PBXGroup;
			children = (
				713F62B028DB904300F9D2D1 /* Homework */,
			);
			name = Products;
			sourceTree = "<group>";
		};
		713F62B228DB904300F9D2D1 /* Homework */ = {
			isa = PBXGroup;
			children = (
				7174212E28DC54F100DA0466 /* Main */,
				7174212D28DC54EE00DA0466 /* Models */,
				712A838228DBB5E400BC601D /* Urunler.swift */,
				7133F66F28DBC4B3005160F5 /* README.md */,
			);
			path = Homework;
			sourceTree = "<group>";
		};
		7174212D28DC54EE00DA0466 /* Models */ = {
			isa = PBXGroup;
			children = (
				713F62C028DB9B7A00F9D2D1 /* Brands.swift */,
				719503B628DD891E0096CBC7 /* SupplementModel.swift */,
				713F62BE28DB984600F9D2D1 /* ProteinPowderModel.swift */,
				713F62C228DBA8AE00F9D2D1 /* AminoAcidModel.swift */,
				713F62C428DBACD600F9D2D1 /* VitaminsModel.swift */,
				71455D6F28DD8F4000354935 /* UserModel.swift */,
				71C5E8DF28DDBC7400DF8C27 /* SteroidsProtocol.swift */,
			);
			path = Models;
			sourceTree = "<group>";
		};
		7174212E28DC54F100DA0466 /* Main */ = {
			isa = PBXGroup;
			children = (
				713F62B328DB904300F9D2D1 /* main.swift */,
				71D06B5F28DC9FAB00270E59 /* Functions.swift */,
			);
			path = Main;
			sourceTree = "<group>";
		};
/* End PBXGroup section */

/* Begin PBXNativeTarget section */
		713F62AF28DB904300F9D2D1 /* Homework */ = {
			isa = PBXNativeTarget;
			buildConfigurationList = 713F62B728DB904300F9D2D1 /* Build configuration list for PBXNativeTarget "Homework" */;
			buildPhases = (
				713F62AC28DB904300F9D2D1 /* Sources */,
				713F62AD28DB904300F9D2D1 /* Frameworks */,
				713F62AE28DB904300F9D2D1 /* CopyFiles */,
			);
			buildRules = (
			);
			dependencies = (
			);
			name = Homework;
			productName = Homework;
			productReference = 713F62B028DB904300F9D2D1 /* Homework */;
			productType = "com.apple.product-type.tool";
		};
/* End PBXNativeTarget section */

/* Begin PBXProject section */
		713F62A828DB904300F9D2D1 /* Project object */ = {
			isa = PBXProject;
			attributes = {
				BuildIndependentTargetsInParallel = 1;
				LastSwiftUpdateCheck = 1400;
				LastUpgradeCheck = 1400;
				TargetAttributes = {
					713F62AF28DB904300F9D2D1 = {
						CreatedOnToolsVersion = 14.0;
					};
				};
			};
			buildConfigurationList = 713F62AB28DB904300F9D2D1 /* Build configuration list for PBXProject "Homework" */;
			compatibilityVersion = "Xcode 14.0";
			developmentRegion = en;
			hasScannedForEncodings = 0;
			knownRegions = (
				en,
				Base,
			);
			mainGroup = 713F62A728DB904300F9D2D1;
			productRefGroup = 713F62B128DB904300F9D2D1 /* Products */;
			projectDirPath = "";
			projectRoot = "";
			targets = (
				713F62AF28DB904300F9D2D1 /* Homework */,
			);
		};
/* End PBXProject section */

/* Begin PBXSourcesBuildPhase section */
		713F62AC28DB904300F9D2D1 /* Sources */ = {
			isa = PBXSourcesBuildPhase;
			buildActionMask = 2147483647;
			files = (
				71455D7028DD8F4000354935 /* UserModel.swift in Sources */,
				713F62B428DB904300F9D2D1 /* main.swift in Sources */,
				712A838328DBB5E400BC601D /* Urunler.swift in Sources */,
				713F62C328DBA8AE00F9D2D1 /* AminoAcidModel.swift in Sources */,
				71D06B6028DC9FAB00270E59 /* Functions.swift in Sources */,
				713F62C128DB9B7A00F9D2D1 /* Brands.swift in Sources */,
				713F62BF28DB984600F9D2D1 /* ProteinPowderModel.swift in Sources */,
				719503B728DD891E0096CBC7 /* SupplementModel.swift in Sources */,
				713F62C528DBACD600F9D2D1 /* VitaminsModel.swift in Sources */,
				71C5E8E028DDBC7400DF8C27 /* SteroidsProtocol.swift in Sources */,
			);
			runOnlyForDeploymentPostprocessing = 0;
		};
/* End PBXSourcesBuildPhase section */

/* Begin XCBuildConfiguration section */
		713F62B528DB904300F9D2D1 /* Debug */ = {
			isa = XCBuildConfiguration;
			buildSettings = {
				ALWAYS_SEARCH_USER_PATHS = NO;
				CLANG_ANALYZER_NONNULL = YES;
				CLANG_ANALYZER_NUMBER_OBJECT_CONVERSION = YES_AGGRESSIVE;
				CLANG_CXX_LANGUAGE_STANDARD = "gnu++20";
				CLANG_ENABLE_MODULES = YES;
				CLANG_ENABLE_OBJC_ARC = YES;
				CLANG_ENABLE_OBJC_WEAK = YES;
				CLANG_WARN_BLOCK_CAPTURE_AUTORELEASING = YES;
				CLANG_WARN_BOOL_CONVERSION = YES;
				CLANG_WARN_COMMA = YES;
				CLANG_WARN_CONSTANT_CONVERSION = YES;
				CLANG_WARN_DEPRECATED_OBJC_IMPLEMENTATIONS = YES;
				CLANG_WARN_DIRECT_OBJC_ISA_USAGE = YES_ERROR;
				CLANG_WARN_DOCUMENTATION_COMMENTS = YES;
				CLANG_WARN_EMPTY_BODY = YES;
				CLANG_WARN_ENUM_CONVERSION = YES;
				CLANG_WARN_INFINITE_RECURSION = YES;
				CLANG_WARN_INT_CONVERSION = YES;
				CLANG_WARN_NON_LITERAL_NULL_CONVERSION = YES;
				CLANG_WARN_OBJC_IMPLICIT_RETAIN_SELF = YES;
				CLANG_WARN_OBJC_LITERAL_CONVERSION = YES;
				CLANG_WARN_OBJC_ROOT_CLASS = YES_ERROR;
				CLANG_WARN_QUOTED_INCLUDE_IN_FRAMEWORK_HEADER = YES;
				CLANG_WARN_RANGE_LOOP_ANALYSIS = YES;
				CLANG_WARN_STRICT_PROTOTYPES = YES;
				CLANG_WARN_SUSPICIOUS_MOVE = YES;
				CLANG_WARN_UNGUARDED_AVAILABILITY = YES_AGGRESSIVE;
				CLANG_WARN_UNREACHABLE_CODE = YES;
				CLANG_WARN__DUPLICATE_METHOD_MATCH = YES;
				COPY_PHASE_STRIP = NO;
				DEBUG_INFORMATION_FORMAT = dwarf;
				ENABLE_STRICT_OBJC_MSGSEND = YES;
				ENABLE_TESTABILITY = YES;
				GCC_C_LANGUAGE_STANDARD = gnu11;
				GCC_DYNAMIC_NO_PIC = NO;
				GCC_NO_COMMON_BLOCKS = YES;
				GCC_OPTIMIZATION_LEVEL = 0;
				GCC_PREPROCESSOR_DEFINITIONS = (
					"DEBUG=1",
					"$(inherited)",
				);
				GCC_WARN_64_TO_32_BIT_CONVERSION = YES;
				GCC_WARN_ABOUT_RETURN_TYPE = YES_ERROR;
				GCC_WARN_UNDECLARED_SELECTOR = YES;
				GCC_WARN_UNINITIALIZED_AUTOS = YES_AGGRESSIVE;
				GCC_WARN_UNUSED_FUNCTION = YES;
				GCC_WARN_UNUSED_VARIABLE = YES;
				MACOSX_DEPLOYMENT_TARGET = 12.3;
				MTL_ENABLE_DEBUG_INFO = INCLUDE_SOURCE;
				MTL_FAST_MATH = YES;
				ONLY_ACTIVE_ARCH = YES;
				SDKROOT = macosx;
				SWIFT_ACTIVE_COMPILATION_CONDITIONS = DEBUG;
				SWIFT_OPTIMIZATION_LEVEL = "-Onone";
			};
			name = Debug;
		};
		713F62B628DB904300F9D2D1 /* Release */ = {
			isa = XCBuildConfiguration;
			buildSettings = {
				ALWAYS_SEARCH_USER_PATHS = NO;
				CLANG_ANALYZER_NONNULL = YES;
				CLANG_ANALYZER_NUMBER_OBJECT_CONVERSION = YES_AGGRESSIVE;
				CLANG_CXX_LANGUAGE_STANDARD = "gnu++20";
				CLANG_ENABLE_MODULES = YES;
				CLANG_ENABLE_OBJC_ARC = YES;
				CLANG_ENABLE_OBJC_WEAK = YES;
				CLANG_WARN_BLOCK_CAPTURE_AUTORELEASING = YES;
				CLANG_WARN_BOOL_CONVERSION = YES;
				CLANG_WARN_COMMA = YES;
				CLANG_WARN_CONSTANT_CONVERSION = YES;
				CLANG_WARN_DEPRECATED_OBJC_IMPLEMENTATIONS = YES;
				CLANG_WARN_DIRECT_OBJC_ISA_USAGE = YES_ERROR;
				CLANG_WARN_DOCUMENTATION_COMMENTS = YES;
				CLANG_WARN_EMPTY_BODY = YES;
				CLANG_WARN_ENUM_CONVERSION = YES;
				CLANG_WARN_INFINITE_RECURSION = YES;
				CLANG_WARN_INT_CONVERSION = YES;
				CLANG_WARN_NON_LITERAL_NULL_CONVERSION = YES;
				CLANG_WARN_OBJC_IMPLICIT_RETAIN_SELF = YES;
				CLANG_WARN_OBJC_LITERAL_CONVERSION = YES;
				CLANG_WARN_OBJC_ROOT_CLASS = YES_ERROR;
				CLANG_WARN_QUOTED_INCLUDE_IN_FRAMEWORK_HEADER = YES;
				CLANG_WARN_RANGE_LOOP_ANALYSIS = YES;
				CLANG_WARN_STRICT_PROTOTYPES = YES;
				CLANG_WARN_SUSPICIOUS_MOVE = YES;
				CLANG_WARN_UNGUARDED_AVAILABILITY = YES_AGGRESSIVE;
				CLANG_WARN_UNREACHABLE_CODE = YES;
				CLANG_WARN__DUPLICATE_METHOD_MATCH = YES;
				COPY_PHASE_STRIP = NO;
				DEBUG_INFORMATION_FORMAT = "dwarf-with-dsym";
				ENABLE_NS_ASSERTIONS = NO;
				ENABLE_STRICT_OBJC_MSGSEND = YES;
				GCC_C_LANGUAGE_STANDARD = gnu11;
				GCC_NO_COMMON_BLOCKS = YES;
				GCC_WARN_64_TO_32_BIT_CONVERSION = YES;
				GCC_WARN_ABOUT_RETURN_TYPE = YES_ERROR;
				GCC_WARN_UNDECLARED_SELECTOR = YES;
				GCC_WARN_UNINITIALIZED_AUTOS = YES_AGGRESSIVE;
				GCC_WARN_UNUSED_FUNCTION = YES;
				GCC_WARN_UNUSED_VARIABLE = YES;
				MACOSX_DEPLOYMENT_TARGET = 12.3;
				MTL_ENABLE_DEBUG_INFO = NO;
				MTL_FAST_MATH = YES;
				SDKROOT = macosx;
				SWIFT_COMPILATION_MODE = wholemodule;
				SWIFT_OPTIMIZATION_LEVEL = "-O";
			};
			name = Release;
		};
		713F62B828DB904300F9D2D1 /* Debug */ = {
			isa = XCBuildConfiguration;
			buildSettings = {
				CODE_SIGN_STYLE = Automatic;
				DEVELOPMENT_TEAM = FAHJ57W2W9;
				ENABLE_HARDENED_RUNTIME = YES;
				PRODUCT_NAME = "$(TARGET_NAME)";
				SWIFT_VERSION = 5.0;
			};
			name = Debug;
		};
		713F62B928DB904300F9D2D1 /* Release */ = {
			isa = XCBuildConfiguration;
			buildSettings = {
				CODE_SIGN_STYLE = Automatic;
				DEVELOPMENT_TEAM = FAHJ57W2W9;
				ENABLE_HARDENED_RUNTIME = YES;
				PRODUCT_NAME = "$(TARGET_NAME)";
				SWIFT_VERSION = 5.0;
			};
			name = Release;
		};
/* End XCBuildConfiguration section */

/* Begin XCConfigurationList section */
		713F62AB28DB904300F9D2D1 /* Build configuration list for PBXProject "Homework" */ = {
			isa = XCConfigurationList;
			buildConfigurations = (
				713F62B528DB904300F9D2D1 /* Debug */,
				713F62B628DB904300F9D2D1 /* Release */,
			);
			defaultConfigurationIsVisible = 0;
			defaultConfigurationName = Release;
		};
		713F62B728DB904300F9D2D1 /* Build configuration list for PBXNativeTarget "Homework" */ = {
			isa = XCConfigurationList;
			buildConfigurations = (
				713F62B828DB904300F9D2D1 /* Debug */,
				713F62B928DB904300F9D2D1 /* Release */,
			);
			defaultConfigurationIsVisible = 0;
			defaultConfigurationName = Release;
		};
/* End XCConfigurationList section */
	};
	rootObject = 713F62A828DB904300F9D2D1 /* Project object */;
}
